
Microsoft Visual Studio Solution File, Format Version 12.00
# Visual Studio 15
VisualStudioVersion = 15.0.28307.136
MinimumVisualStudioVersion = 10.0.40219.1
Project("{9A19103F-16F7-4668-BE54-9A1E7A4F7556}") = "Alfonso", "Alfonso\Alfonso.csproj", "{50502711-CBA1-4DE1-860F-6641AE41B72E}"
EndProject
Project("{9A19103F-16F7-4668-BE54-9A1E7A4F7556}") = "ApplicationCore", "ApplicationCore\ApplicationCore.csproj", "{63B52BFA-AB08-4FD7-9EBE-57FFEF5B548D}"
EndProject
Project("{9A19103F-16F7-4668-BE54-9A1E7A4F7556}") = "Infrastructure", "Infrastructure\Infrastructure.csproj", "{EC07D5F2-918A-4D53-A079-2B59B1245584}"
EndProject
Global
	GlobalSection(SolutionConfigurationPlatforms) = preSolution
		Debug|Any CPU = Debug|Any CPU
		Release|Any CPU = Release|Any CPU
	EndGlobalSection
	GlobalSection(ProjectConfigurationPlatforms) = postSolution
		{50502711-CBA1-4DE1-860F-6641AE41B72E}.Debug|Any CPU.ActiveCfg = Debug|Any CPU
		{50502711-CBA1-4DE1-860F-6641AE41B72E}.Debug|Any CPU.Build.0 = Debug|Any CPU
		{50502711-CBA1-4DE1-860F-6641AE41B72E}.Release|Any CPU.ActiveCfg = Release|Any CPU
		{50502711-CBA1-4DE1-860F-6641AE41B72E}.Release|Any CPU.Build.0 = Release|Any CPU
		{63B52BFA-AB08-4FD7-9EBE-57FFEF5B548D}.Debug|Any CPU.ActiveCfg = Debug|Any CPU
		{63B52BFA-AB08-4FD7-9EBE-57FFEF5B548D}.Debug|Any CPU.Build.0 = Debug|Any CPU
		{63B52BFA-AB08-4FD7-9EBE-57FFEF5B548D}.Release|Any CPU.ActiveCfg = Release|Any CPU
		{63B52BFA-AB08-4FD7-9EBE-57FFEF5B548D}.Release|Any CPU.Build.0 = Release|Any CPU
		{EC07D5F2-918A-4D53-A079-2B59B1245584}.Debug|Any CPU.ActiveCfg = Debug|Any CPU
		{EC07D5F2-918A-4D53-A079-2B59B1245584}.Debug|Any CPU.Build.0 = Debug|Any CPU
		{EC07D5F2-918A-4D53-A079-2B59B1245584}.Release|Any CPU.ActiveCfg = Release|Any CPU
		{EC07D5F2-918A-4D53-A079-2B59B1245584}.Release|Any CPU.Build.0 = Release|Any CPU
	EndGlobalSection
	GlobalSection(SolutionProperties) = preSolution
		HideSolutionNode = FALSE
	EndGlobalSection
	GlobalSection(ExtensibilityGlobals) = postSolution
		SolutionGuid = {ABCEFC8B-2B81-4921-86BD-CAB31F88B9B5}
	EndGlobalSection
EndGlobal
